// !$*UTF8*$!
{
	archiveVersion = 1;
	classes = {
	};
	objectVersion = 77;
	objects = {

/* Begin PBXBuildFile section */
		440E5A792FC7720900B1FBE4 /* FirebaseAuth in Frameworks */ = {isa = PBXBuildFile; productRef = 440E5A782FC7720900B1FBE4 /* FirebaseAuth */; };
		440E5A7B2FC7720900B1FBE4 /* FirebaseFirestore in Frameworks */ = {isa = PBXBuildFile; productRef = 440E5A7A2FC7720900B1FBE4 /* FirebaseFirestore */; };
		4440EDF42FC89342009ACC32 /* PrivacyInfo.xcprivacy in Resources */ = {isa = PBXBuildFile; fileRef = 4440EDF32FC89342009ACC32 /* PrivacyInfo.xcprivacy */; };
/* End PBXBuildFile section */

/* Begin PBXContainerItemProxy section */
		440E5A432FC76C5700B1FBE4 /* PBXContainerItemProxy */ = {
			isa = PBXContainerItemProxy;
			containerPortal = 440E5A2D2FC76C5300B1FBE4 /* Project object */;
			proxyType = 1;
			remoteGlobalIDString = 440E5A342FC76C5300B1FBE4;
			remoteInfo = "BC Flight Share";
		};
		440E5A4D2FC76C5700B1FBE4 /* PBXContainerItemProxy */ = {
			isa = PBXContainerItemProxy;
			containerPortal = 440E5A2D2FC76C5300B1FBE4 /* Project object */;
			proxyType = 1;
			remoteGlobalIDString = 440E5A342FC76C5300B1FBE4;
			remoteInfo = "BC Flight Share";
		};
/* End PBXContainerItemProxy section */

/* Begin PBXFileReference section */
		440E5A352FC76C5300B1FBE4 /* BC Flight Share.app */ = {isa = PBXFileReference; explicitFileType = wrapper.application; includeInIndex = 0; path = "BC Flight Share.app"; sourceTree = BUILT_PRODUCTS_DIR; };
		440E5A422FC76C5700B1FBE4 /* BC Flight ShareTests.xctest */ = {isa = PBXFileReference; explicitFileType = wrapper.cfbundle; includeInIndex = 0; path = "BC Flight ShareTests.xctest"; sourceTree = BUILT_PRODUCTS_DIR; };
		440E5A4C2FC76C5700B1FBE4 /* BC Flight ShareUITests.xctest */ = {isa = PBXFileReference; explicitFileType = wrapper.cfbundle; includeInIndex = 0; path = "BC Flight ShareUITests.xctest"; sourceTree = BUILT_PRODUCTS_DIR; };
		4440EDF32FC89342009ACC32 /* PrivacyInfo.xcprivacy */ = {isa = PBXFileReference; lastKnownFileType = text.xml; path = PrivacyInfo.xcprivacy; sourceTree = "<group>"; };
/* End PBXFileReference section */

/* Begin PBXFileSystemSynchronizedRootGroup section */
		440E5A372FC76C5300B1FBE4 /* BC Flight Share */ = {
			isa = PBXFileSystemSynchronizedRootGroup;
			path = "BC Flight Share";
			sourceTree = "<group>";
		};
		440E5A452FC76C5700B1FBE4 /* BC Flight ShareTests */ = {
			isa = PBXFileSystemSynchronizedRootGroup;
			path = "BC Flight ShareTests";
			sourceTree = "<group>";
		};
		440E5A4F2FC76C5700B1FBE4 /* BC Flight ShareUITests */ = {
			isa = PBXFileSystemSynchronizedRootGroup;
			path = "BC Flight ShareUITests";
			sourceTree = "<group>";
		};
/* End PBXFileSystemSynchronizedRootGroup section */

/* Begin PBXFrameworksBuildPhase section */
		440E5A322FC76C5300B1FBE4 /* Frameworks */ = {
			isa = PBXFrameworksBuildPhase;
			buildActionMask = 2147483647;
			files = (
				440E5A792FC7720900B1FBE4 /* FirebaseAuth in Frameworks */,
				440E5A7B2FC7720900B1FBE4 /* FirebaseFirestore in Frameworks */,
			);
			runOnlyForDeploymentPostprocessing = 0;
		};
		440E5A3F2FC76C5700B1FBE4 /* Frameworks */ = {
			isa = PBXFrameworksBuildPhase;
			buildActionMask = 2147483647;
			files = (
			);
			runOnlyForDeploymentPostprocessing = 0;
		};
		440E5A492FC76C5700B1FBE4 /* Frameworks */ = {
			isa = PBXFrameworksBuildPhase;
			buildActionMask = 2147483647;
			files = (
			);
			runOnlyForDeploymentPostprocessing = 0;
		};
/* End PBXFrameworksBuildPhase section */

/* Begin PBXGroup section */
		440E5A2C2FC76C5300B1FBE4 = {
			isa = PBXGroup;
			children = (
				4440EDF32FC89342009ACC32 /* PrivacyInfo.xcprivacy */,
				440E5A372FC76C5300B1FBE4 /* BC Flight Share */,
				440E5A452FC76C5700B1FBE4 /* BC Flight ShareTests */,
				440E5A4F2FC76C5700B1FBE4 /* BC Flight ShareUITests */,
				440E5A362FC76C5300B1FBE4 /* Products */,
			);
			sourceTree = "<group>";
		};
		440E5A362FC76C5300B1FBE4 /* Products */ = {
			isa = PBXGroup;
			children = (
				440E5A352FC76C5300B1FBE4 /* BC Flight Share.app */,
				440E5A422FC76C5700B1FBE4 /* BC Flight ShareTests.xctest */,
				440E5A4C2FC76C5700B1FBE4 /* BC Flight ShareUITests.xctest */,
			);
			name = Products;
			sourceTree = "<group>";
		};
/* End PBXGroup section */

/* Begin PBXNativeTarget section */
		440E5A342FC76C5300B1FBE4 /* BC Flight Share */ = {
			isa = PBXNativeTarget;
			buildConfigurationList = 440E5A562FC76C5700B1FBE4 /* Build configuration list for PBXNativeTarget "BC Flight Share" */;
			buildPhases = (
				440E5A312FC76C5300B1FBE4 /* Sources */,
				440E5A322FC76C5300B1FBE4 /* Frameworks */,
				440E5A332FC76C5300B1FBE4 /* Resources */,
			);
			buildRules = (
			);
			dependencies = (
			);
			fileSystemSynchronizedGroups = (
				440E5A372FC76C5300B1FBE4 /* BC Flight Share */,
			);
			name = "BC Flight Share";
			packageProductDependencies = (
				440E5A782FC7720900B1FBE4 /* FirebaseAuth */,
				440E5A7A2FC7720900B1FBE4 /* FirebaseFirestore */,
			);
			productName = "BC Flight Share";
			productReference = 440E5A352FC76C5300B1FBE4 /* BC Flight Share.app */;
			productType = "com.apple.product-type.application";
		};
		440E5A412FC76C5700B1FBE4 /* BC Flight ShareTests */ = {
			isa = PBXNativeTarget;
			buildConfigurationList = 440E5A592FC76C5700B1FBE4 /* Build configuration list for PBXNativeTarget "BC Flight ShareTests" */;
			buildPhases = (
				440E5A3E2FC76C5700B1FBE4 /* Sources */,
				440E5A3F2FC76C5700B1FBE4 /* Frameworks */,
				440E5A402FC76C5700B1FBE4 /* Resources */,
			);
			buildRules = (
			);
			dependencies = (
				440E5A442FC76C5700B1FBE4 /* PBXTargetDependency */,
			);
			fileSystemSynchronizedGroups = (
				440E5A452FC76C5700B1FBE4 /* BC Flight ShareTests */,
			);
			name = "BC Flight ShareTests";
			packageProductDependencies = (
			);
			productName = "BC Flight ShareTests";
			productReference = 440E5A422FC76C5700B1FBE4 /* BC Flight ShareTests.xctest */;
			productType = "com.apple.product-type.bundle.unit-test";
		};
		440E5A4B2FC76C5700B1FBE4 /* BC Flight ShareUITests */ = {
			isa = PBXNativeTarget;
			buildConfigurationList = 440E5A5C2FC76C5700B1FBE4 /* Build configuration list for PBXNativeTarget "BC Flight ShareUITests" */;
			buildPhases = (
				440E5A482FC76C5700B1FBE4 /* Sources */,
				440E5A492FC76C5700B1FBE4 /* Frameworks */,
				440E5A4A2FC76C5700B1FBE4 /* Resources */,
			);
			buildRules = (
			);
			dependencies = (
				440E5A4E2FC76C5700B1FBE4 /* PBXTargetDependency */,
			);
			fileSystemSynchronizedGroups = (
				440E5A4F2FC76C5700B1FBE4 /* BC Flight ShareUITests */,
			);
			name = "BC Flight ShareUITests";
			packageProductDependencies = (
			);
			productName = "BC Flight ShareUITests";
			productReference = 440E5A4C2FC76C5700B1FBE4 /* BC Flight ShareUITests.xctest */;
			productType = "com.apple.product-type.bundle.ui-testing";
		};
/* End PBXNativeTarget section */

/* Begin PBXProject section */
		440E5A2D2FC76C5300B1FBE4 /* Project object */ = {
			isa = PBXProject;
			attributes = {
				BuildIndependentTargetsInParallel = 1;
				LastSwiftUpdateCheck = 2630;
				LastUpgradeCheck = 2630;
				TargetAttributes = {
					440E5A342FC76C5300B1FBE4 = {
						CreatedOnToolsVersion = 26.3;
					};
					440E5A412FC76C5700B1FBE4 = {
						CreatedOnToolsVersion = 26.3;
						TestTargetID = 440E5A342FC76C5300B1FBE4;
					};
					440E5A4B2FC76C5700B1FBE4 = {
						CreatedOnToolsVersion = 26.3;
						TestTargetID = 440E5A342FC76C5300B1FBE4;
					};
				};
			};
			buildConfigurationList = 440E5A302FC76C5300B1FBE4 /* Build configuration list for PBXProject "BC Flight Share" */;
			developmentRegion = en;
			hasScannedForEncodings = 0;
			knownRegions = (
				en,
				Base,
			);
			mainGroup = 440E5A2C2FC76C5300B1FBE4;
			minimizedProjectReferenceProxies = 1;
			packageReferences = (
				440E5A772FC7720900B1FBE4 /* XCRemoteSwiftPackageReference "firebase-ios-sdk" */,
			);
			preferredProjectObjectVersion = 77;
			productRefGroup = 440E5A362FC76C5300B1FBE4 /* Products */;
			projectDirPath = "";
			projectRoot = "";
			targets = (
				440E5A342FC76C5300B1FBE4 /* BC Flight Share */,
				440E5A412FC76C5700B1FBE4 /* BC Flight ShareTests */,
				440E5A4B2FC76C5700B1FBE4 /* BC Flight ShareUITests */,
			);
		};
/* End PBXProject section */

/* Begin PBXResourcesBuildPhase section */
		440E5A332FC76C5300B1FBE4 /* Resources */ = {
			isa = PBXResourcesBuildPhase;
			buildActionMask = 2147483647;
			files = (
				4440EDF42FC89342009ACC32 /* PrivacyInfo.xcprivacy in Resources */,
			);
			runOnlyForDeploymentPostprocessing = 0;
		};
		440E5A402FC76C5700B1FBE4 /* Resources */ = {
			isa = PBXResourcesBuildPhase;
			buildActionMask = 2147483647;
			files = (
			);
			runOnlyForDeploymentPostprocessing = 0;
		};
		440E5A4A2FC76C5700B1FBE4 /* Resources */ = {
			isa = PBXResourcesBuildPhase;
			buildActionMask = 2147483647;
			files = (
			);
			runOnlyForDeploymentPostprocessing = 0;
		};
/* End PBXResourcesBuildPhase section */

/* Begin PBXSourcesBuildPhase section */
		440E5A312FC76C5300B1FBE4 /* Sources */ = {
			isa = PBXSourcesBuildPhase;
			buildActionMask = 2147483647;
			files = (
			);
			runOnlyForDeploymentPostprocessing = 0;
		};
		440E5A3E2FC76C5700B1FBE4 /* Sources */ = {
			isa = PBXSourcesBuildPhase;
			buildActionMask = 2147483647;
			files = (
			);
			runOnlyForDeploymentPostprocessing = 0;
		};
		440E5A482FC76C5700B1FBE4 /* Sources */ = {
			isa = PBXSourcesBuildPhase;
			buildActionMask = 2147483647;
			files = (
			);
			runOnlyForDeploymentPostprocessing = 0;
		};
/* End PBXSourcesBuildPhase section */

/* Begin PBXTargetDependency section */
		440E5A442FC76C5700B1FBE4 /* PBXTargetDependency */ = {
			isa = PBXTargetDependency;
			target = 440E5A342FC76C5300B1FBE4 /* BC Flight Share */;
			targetProxy = 440E5A432FC76C5700B1FBE4 /* PBXContainerItemProxy */;
		};
		440E5A4E2FC76C5700B1FBE4 /* PBXTargetDependency */ = {
			isa = PBXTargetDependency;
			target = 440E5A342FC76C5300B1FBE4 /* BC Flight Share */;
			targetProxy = 440E5A4D2FC76C5700B1FBE4 /* PBXContainerItemProxy */;
		};
/* End PBXTargetDependency section */

/* Begin XCBuildConfiguration section */
		440E5A542FC76C5700B1FBE4 /* Debug */ = {
			isa = XCBuildConfiguration;
			buildSettings = {
				ALWAYS_SEARCH_USER_PATHS = NO;
				ASSETCATALOG_COMPILER_GENERATE_SWIFT_ASSET_SYMBOL_EXTENSIONS = YES;
				CLANG_ANALYZER_NONNULL = YES;
				CLANG_ANALYZER_NUMBER_OBJECT_CONVERSION = YES_AGGRESSIVE;
				CLANG_CXX_LANGUAGE_STANDARD = "gnu++20";
				CLANG_ENABLE_MODULES = YES;
				CLANG_ENABLE_OBJC_ARC = YES;
				CLANG_ENABLE_OBJC_WEAK = YES;
				CLANG_WARN_BLOCK_CAPTURE_AUTORELEASING = YES;
				CLANG_WARN_BOOL_CONVERSION = YES;
				CLANG_WARN_COMMA = YES;
				CLANG_WARN_CONSTANT_CONVERSION = YES;
				CLANG_WARN_DEPRECATED_OBJC_IMPLEMENTATIONS = YES;
				CLANG_WARN_DIRECT_OBJC_ISA_USAGE = YES_ERROR;
				CLANG_WARN_DOCUMENTATION_COMMENTS = YES;
				CLANG_WARN_EMPTY_BODY = YES;
				CLANG_WARN_ENUM_CONVERSION = YES;
				CLANG_WARN_INFINITE_RECURSION = YES;
				CLANG_WARN_INT_CONVERSION = YES;
				CLANG_WARN_NON_LITERAL_NULL_CONVERSION = YES;
				CLANG_WARN_OBJC_IMPLICIT_RETAIN_SELF = YES;
				CLANG_WARN_OBJC_LITERAL_CONVERSION = YES;
				CLANG_WARN_OBJC_ROOT_CLASS = YES_ERROR;
				CLANG_WARN_QUOTED_INCLUDE_IN_FRAMEWORK_HEADER = YES;
				CLANG_WARN_RANGE_LOOP_ANALYSIS = YES;
				CLANG_WARN_STRICT_PROTOTYPES = YES;
				CLANG_WARN_SUSPICIOUS_MOVE = YES;
				CLANG_WARN_UNGUARDED_AVAILABILITY = YES_AGGRESSIVE;
				CLANG_WARN_UNREACHABLE_CODE = YES;
				CLANG_WARN__DUPLICATE_METHOD_MATCH = YES;
				COPY_PHASE_STRIP = NO;
				DEBUG_INFORMATION_FORMAT = dwarf;
				DEVELOPMENT_TEAM = 9XRY58Q37M;
				ENABLE_STRICT_OBJC_MSGSEND = YES;
				ENABLE_TESTABILITY = YES;
				ENABLE_USER_SCRIPT_SANDBOXING = YES;
				GCC_C_LANGUAGE_STANDARD = gnu17;
				GCC_DYNAMIC_NO_PIC = NO;
				GCC_NO_COMMON_BLOCKS = YES;
				GCC_OPTIMIZATION_LEVEL = 0;
				GCC_PREPROCESSOR_DEFINITIONS = (
					"DEBUG=1",
					"$(inherited)",
				);
				GCC_WARN_64_TO_32_BIT_CONVERSION = YES;
				GCC_WARN_ABOUT_RETURN_TYPE = YES_ERROR;
				GCC_WARN_UNDECLARED_SELECTOR = YES;
				GCC_WARN_UNINITIALIZED_AUTOS = YES_AGGRESSIVE;
				GCC_WARN_UNUSED_FUNCTION = YES;
				GCC_WARN_UNUSED_VARIABLE = YES;
				IPHONEOS_DEPLOYMENT_TARGET = 26.2;
				LOCALIZATION_PREFERS_STRING_CATALOGS = YES;
				MTL_ENABLE_DEBUG_INFO = INCLUDE_SOURCE;
				MTL_FAST_MATH = YES;
				ONLY_ACTIVE_ARCH = YES;
				SDKROOT = iphoneos;
				SWIFT_ACTIVE_COMPILATION_CONDITIONS = "DEBUG $(inherited)";
				SWIFT_OPTIMIZATION_LEVEL = "-Onone";
			};
			name = Debug;
		};
		440E5A552FC76C5700B1FBE4 /* Release */ = {
			isa = XCBuildConfiguration;
			buildSettings = {
				ALWAYS_SEARCH_USER_PATHS = NO;
				ASSETCATALOG_COMPILER_GENERATE_SWIFT_ASSET_SYMBOL_EXTENSIONS = YES;
				CLANG_ANALYZER_NONNULL = YES;
				CLANG_ANALYZER_NUMBER_OBJECT_CONVERSION = YES_AGGRESSIVE;
				CLANG_CXX_LANGUAGE_STANDARD = "gnu++20";
				CLANG_ENABLE_MODULES = YES;
				CLANG_ENABLE_OBJC_ARC = YES;
				CLANG_ENABLE_OBJC_WEAK = YES;
				CLANG_WARN_BLOCK_CAPTURE_AUTORELEASING = YES;
				CLANG_WARN_BOOL_CONVERSION = YES;
				CLANG_WARN_COMMA = YES;
				CLANG_WARN_CONSTANT_CONVERSION = YES;
				CLANG_WARN_DEPRECATED_OBJC_IMPLEMENTATIONS = YES;
				CLANG_WARN_DIRECT_OBJC_ISA_USAGE = YES_ERROR;
				CLANG_WARN_DOCUMENTATION_COMMENTS = YES;
				CLANG_WARN_EMPTY_BODY = YES;
				CLANG_WARN_ENUM_CONVERSION = YES;
				CLANG_WARN_INFINITE_RECURSION = YES;
				CLANG_WARN_INT_CONVERSION = YES;
				CLANG_WARN_NON_LITERAL_NULL_CONVERSION = YES;
				CLANG_WARN_OBJC_IMPLICIT_RETAIN_SELF = YES;
				CLANG_WARN_OBJC_LITERAL_CONVERSION = YES;
				CLANG_WARN_OBJC_ROOT_CLASS = YES_ERROR;
				CLANG_WARN_QUOTED_INCLUDE_IN_FRAMEWORK_HEADER = YES;
				CLANG_WARN_RANGE_LOOP_ANALYSIS = YES;
				CLANG_WARN_STRICT_PROTOTYPES = YES;
				CLANG_WARN_SUSPICIOUS_MOVE = YES;
				CLANG_WARN_UNGUARDED_AVAILABILITY = YES_AGGRESSIVE;
				CLANG_WARN_UNREACHABLE_CODE = YES;
				CLANG_WARN__DUPLICATE_METHOD_MATCH = YES;
				COPY_PHASE_STRIP = NO;
				DEBUG_INFORMATION_FORMAT = "dwarf-with-dsym";
				DEVELOPMENT_TEAM = 9XRY58Q37M;
				ENABLE_NS_ASSERTIONS = NO;
				ENABLE_STRICT_OBJC_MSGSEND = YES;
				ENABLE_USER_SCRIPT_SANDBOXING = YES;
				GCC_C_LANGUAGE_STANDARD = gnu17;
				GCC_NO_COMMON_BLOCKS = YES;
				GCC_WARN_64_TO_32_BIT_CONVERSION = YES;
				GCC_WARN_ABOUT_RETURN_TYPE = YES_ERROR;
				GCC_WARN_UNDECLARED_SELECTOR = YES;
				GCC_WARN_UNINITIALIZED_AUTOS = YES_AGGRESSIVE;
				GCC_WARN_UNUSED_FUNCTION = YES;
				GCC_WARN_UNUSED_VARIABLE = YES;
				IPHONEOS_DEPLOYMENT_TARGET = 26.2;
				LOCALIZATION_PREFERS_STRING_CATALOGS = YES;
				MTL_ENABLE_DEBUG_INFO = NO;
				MTL_FAST_MATH = YES;
				SDKROOT = iphoneos;
				SWIFT_COMPILATION_MODE = wholemodule;
				VALIDATE_PRODUCT = YES;
			};
			name = Release;
		};
		440E5A572FC76C5700B1FBE4 /* Debug */ = {
			isa = XCBuildConfiguration;
			buildSettings = {
				ASSETCATALOG_COMPILER_APPICON_NAME = AppIcon;
				ASSETCATALOG_COMPILER_GLOBAL_ACCENT_COLOR_NAME = AccentColor;
				CODE_SIGN_STYLE = Automatic;
				CURRENT_PROJECT_VERSION = 1;
				DEVELOPMENT_TEAM = 9XRY58Q37M;
				ENABLE_PREVIEWS = YES;
				GENERATE_INFOPLIST_FILE = YES;
				INFOPLIST_KEY_UIApplicationSceneManifest_Generation = YES;
				INFOPLIST_KEY_UIApplicationSupportsIndirectInputEvents = YES;
				INFOPLIST_KEY_UILaunchScreen_Generation = YES;
				INFOPLIST_KEY_UISupportedInterfaceOrientations_iPad = "UIInterfaceOrientationPortrait UIInterfaceOrientationPortraitUpsideDown UIInterfaceOrientationLandscapeLeft UIInterfaceOrientationLandscapeRight";
				INFOPLIST_KEY_UISupportedInterfaceOrientations_iPhone = "UIInterfaceOrientationPortrait UIInterfaceOrientationLandscapeLeft UIInterfaceOrientationLandscapeRight";
				LD_RUNPATH_SEARCH_PATHS = (
					"$(inherited)",
					"@executable_path/Frameworks",
				);
				MARKETING_VERSION = 1.0;
				PRODUCT_BUNDLE_IDENTIFIER = "Alexistheman.BC-Flight-Share";
				PRODUCT_NAME = "$(TARGET_NAME)";
				STRING_CATALOG_GENERATE_SYMBOLS = YES;
				SWIFT_APPROACHABLE_CONCURRENCY = YES;
				SWIFT_DEFAULT_ACTOR_ISOLATION = MainActor;
				SWIFT_EMIT_LOC_STRINGS = YES;
				SWIFT_UPCOMING_FEATURE_MEMBER_IMPORT_VISIBILITY = YES;
				SWIFT_VERSION = 5.0;
				TARGETED_DEVICE_FAMILY = "1,2";
			};
			name = Debug;
		};
		440E5A582FC76C5700B1FBE4 /* Release */ = {
			isa = XCBuildConfiguration;
			buildSettings = {
				ASSETCATALOG_COMPILER_APPICON_NAME = AppIcon;
				ASSETCATALOG_COMPILER_GLOBAL_ACCENT_COLOR_NAME = AccentColor;
				CODE_SIGN_STYLE = Automatic;
				CURRENT_PROJECT_VERSION = 1;
				DEVELOPMENT_TEAM = 9XRY58Q37M;
				ENABLE_PREVIEWS = YES;
				GENERATE_INFOPLIST_FILE = YES;
				INFOPLIST_KEY_UIApplicationSceneManifest_Generation = YES;
				INFOPLIST_KEY_UIApplicationSupportsIndirectInputEvents = YES;
				INFOPLIST_KEY_UILaunchScreen_Generation = YES;
				INFOPLIST_KEY_UISupportedInterfaceOrientations_iPad = "UIInterfaceOrientationPortrait UIInterfaceOrientationPortraitUpsideDown UIInterfaceOrientationLandscapeLeft UIInterfaceOrientationLandscapeRight";
				INFOPLIST_KEY_UISupportedInterfaceOrientations_iPhone = "UIInterfaceOrientationPortrait UIInterfaceOrientationLandscapeLeft UIInterfaceOrientationLandscapeRight";
				LD_RUNPATH_SEARCH_PATHS = (
					"$(inherited)",
					"@executable_path/Frameworks",
				);
				MARKETING_VERSION = 1.0;
				PRODUCT_BUNDLE_IDENTIFIER = "Alexistheman.BC-Flight-Share";
				PRODUCT_NAME = "$(TARGET_NAME)";
				STRING_CATALOG_GENERATE_SYMBOLS = YES;
				SWIFT_APPROACHABLE_CONCURRENCY = YES;
				SWIFT_DEFAULT_ACTOR_ISOLATION = MainActor;
				SWIFT_EMIT_LOC_STRINGS = YES;
				SWIFT_UPCOMING_FEATURE_MEMBER_IMPORT_VISIBILITY = YES;
				SWIFT_VERSION = 5.0;
				TARGETED_DEVICE_FAMILY = "1,2";
			};
			name = Release;
		};
		440E5A5A2FC76C5700B1FBE4 /* Debug */ = {
			isa = XCBuildConfiguration;
			buildSettings = {
				BUNDLE_LOADER = "$(TEST_HOST)";
				CODE_SIGN_STYLE = Automatic;
				CURRENT_PROJECT_VERSION = 1;
				DEVELOPMENT_TEAM = 9XRY58Q37M;
				GENERATE_INFOPLIST_FILE = YES;
				IPHONEOS_DEPLOYMENT_TARGET = 26.2;
				MARKETING_VERSION = 1.0;
				PRODUCT_BUNDLE_IDENTIFIER = "Alexistheman.BC-Flight-ShareTests";
				PRODUCT_NAME = "$(TARGET_NAME)";
				STRING_CATALOG_GENERATE_SYMBOLS = NO;
				SWIFT_APPROACHABLE_CONCURRENCY = YES;
				SWIFT_EMIT_LOC_STRINGS = NO;
				SWIFT_UPCOMING_FEATURE_MEMBER_IMPORT_VISIBILITY = YES;
				SWIFT_VERSION = 5.0;
				TARGETED_DEVICE_FAMILY = "1,2";
				TEST_HOST = "$(BUILT_PRODUCTS_DIR)/BC Flight Share.app/$(BUNDLE_EXECUTABLE_FOLDER_PATH)/BC Flight Share";
			};
			name = Debug;
		};
		440E5A5B2FC76C5700B1FBE4 /* Release */ = {
			isa = XCBuildConfiguration;
			buildSettings = {
				BUNDLE_LOADER = "$(TEST_HOST)";
				CODE_SIGN_STYLE = Automatic;
				CURRENT_PROJECT_VERSION = 1;
				DEVELOPMENT_TEAM = 9XRY58Q37M;
				GENERATE_INFOPLIST_FILE = YES;
				IPHONEOS_DEPLOYMENT_TARGET = 26.2;
				MARKETING_VERSION = 1.0;
				PRODUCT_BUNDLE_IDENTIFIER = "Alexistheman.BC-Flight-ShareTests";
				PRODUCT_NAME = "$(TARGET_NAME)";
				STRING_CATALOG_GENERATE_SYMBOLS = NO;
				SWIFT_APPROACHABLE_CONCURRENCY = YES;
				SWIFT_EMIT_LOC_STRINGS = NO;
				SWIFT_UPCOMING_FEATURE_MEMBER_IMPORT_VISIBILITY = YES;
				SWIFT_VERSION = 5.0;
				TARGETED_DEVICE_FAMILY = "1,2";
				TEST_HOST = "$(BUILT_PRODUCTS_DIR)/BC Flight Share.app/$(BUNDLE_EXECUTABLE_FOLDER_PATH)/BC Flight Share";
			};
			name = Release;
		};
		440E5A5D2FC76C5700B1FBE4 /* Debug */ = {
			isa = XCBuildConfiguration;
			buildSettings = {
				CODE_SIGN_STYLE = Automatic;
				CURRENT_PROJECT_VERSION = 1;
				DEVELOPMENT_TEAM = 9XRY58Q37M;
				GENERATE_INFOPLIST_FILE = YES;
				MARKETING_VERSION = 1.0;
				PRODUCT_BUNDLE_IDENTIFIER = "Alexistheman.BC-Flight-ShareUITests";
				PRODUCT_NAME = "$(TARGET_NAME)";
				STRING_CATALOG_GENERATE_SYMBOLS = NO;
				SWIFT_APPROACHABLE_CONCURRENCY = YES;
				SWIFT_EMIT_LOC_STRINGS = NO;
				SWIFT_UPCOMING_FEATURE_MEMBER_IMPORT_VISIBILITY = YES;
				SWIFT_VERSION = 5.0;
				TARGETED_DEVICE_FAMILY = "1,2";
				TEST_TARGET_NAME = "BC Flight Share";
			};
			name = Debug;
		};
		440E5A5E2FC76C5700B1FBE4 /* Release */ = {
			isa = XCBuildConfiguration;
			buildSettings = {
				CODE_SIGN_STYLE = Automatic;
				CURRENT_PROJECT_VERSION = 1;
				DEVELOPMENT_TEAM = 9XRY58Q37M;
				GENERATE_INFOPLIST_FILE = YES;
				MARKETING_VERSION = 1.0;
				PRODUCT_BUNDLE_IDENTIFIER = "Alexistheman.BC-Flight-ShareUITests";
				PRODUCT_NAME = "$(TARGET_NAME)";
				STRING_CATALOG_GENERATE_SYMBOLS = NO;
				SWIFT_APPROACHABLE_CONCURRENCY = YES;
				SWIFT_EMIT_LOC_STRINGS = NO;
				SWIFT_UPCOMING_FEATURE_MEMBER_IMPORT_VISIBILITY = YES;
				SWIFT_VERSION = 5.0;
				TARGETED_DEVICE_FAMILY = "1,2";
				TEST_TARGET_NAME = "BC Flight Share";
			};
			name = Release;
		};
/* End XCBuildConfiguration section */

/* Begin XCConfigurationList section */
		440E5A302FC76C5300B1FBE4 /* Build configuration list for PBXProject "BC Flight Share" */ = {
			isa = XCConfigurationList;
			buildConfigurations = (
				440E5A542FC76C5700B1FBE4 /* Debug */,
				440E5A552FC76C5700B1FBE4 /* Release */,
			);
			defaultConfigurationIsVisible = 0;
			defaultConfigurationName = Release;
		};
		440E5A562FC76C5700B1FBE4 /* Build configuration list for PBXNativeTarget "BC Flight Share" */ = {
			isa = XCConfigurationList;
			buildConfigurations = (
				440E5A572FC76C5700B1FBE4 /* Debug */,
				440E5A582FC76C5700B1FBE4 /* Release */,
			);
			defaultConfigurationIsVisible = 0;
			defaultConfigurationName = Release;
		};
		440E5A592FC76C5700B1FBE4 /* Build configuration list for PBXNativeTarget "BC Flight ShareTests" */ = {
			isa = XCConfigurationList;
			buildConfigurations = (
				440E5A5A2FC76C5700B1FBE4 /* Debug */,
				440E5A5B2FC76C5700B1FBE4 /* Release */,
			);
			defaultConfigurationIsVisible = 0;
			defaultConfigurationName = Release;
		};
		440E5A5C2FC76C5700B1FBE4 /* Build configuration list for PBXNativeTarget "BC Flight ShareUITests" */ = {
			isa = XCConfigurationList;
			buildConfigurations = (
				440E5A5D2FC76C5700B1FBE4 /* Debug */,
				440E5A5E2FC76C5700B1FBE4 /* Release */,
			);
			defaultConfigurationIsVisible = 0;
			defaultConfigurationName = Release;
		};
/* End XCConfigurationList section */

/* Begin XCRemoteSwiftPackageReference section */
		440E5A772FC7720900B1FBE4 /* XCRemoteSwiftPackageReference "firebase-ios-sdk" */ = {
			isa = XCRemoteSwiftPackageReference;
			repositoryURL = "https://github.com/firebase/firebase-ios-sdk";
			requirement = {
				kind = upToNextMajorVersion;
				minimumVersion = 12.14.0;
			};
		};
/* End XCRemoteSwiftPackageReference section */

/* Begin XCSwiftPackageProductDependency section */
		440E5A782FC7720900B1FBE4 /* FirebaseAuth */ = {
			isa = XCSwiftPackageProductDependency;
			package = 440E5A772FC7720900B1FBE4 /* XCRemoteSwiftPackageReference "firebase-ios-sdk" */;
			productName = FirebaseAuth;
		};
		440E5A7A2FC7720900B1FBE4 /* FirebaseFirestore */ = {
			isa = XCSwiftPackageProductDependency;
			package = 440E5A772FC7720900B1FBE4 /* XCRemoteSwiftPackageReference "firebase-ios-sdk" */;
			productName = FirebaseFirestore;
		};
/* End XCSwiftPackageProductDependency section */
	};
	rootObject = 440E5A2D2FC76C5300B1FBE4 /* Project object */;
}
